# This file is automatically @generated by Cargo.
# It is not intended for manual editing.
version = 4

[[package]]
name = "m4h-beam"
version = "0.0.0"

[[package]]
name = "m4h-bench"
version = "0.0.0"

[[package]]
name = "m4h-kernel"
version = "0.0.0"

[[package]]
name = "m4h-lb"
version = "0.0.0"

[[package]]
name = "m4h-net"
version = "0.0.0"

[[package]]
name = "m4h-platform"
version = "0.0.0"

[[package]]
name = "m4h-ring"
version = "0.0.0"
